
Microsoft Visual Studio Solution File, Format Version 12.00
Project("{FAE04EC0-301F-11D3-BF4B-00C04F79EFBC}") = "Lab01_2", "Lab01_2.csproj", "{47FF6086-23B9-4439-9C37-A7FF151E7742}"
EndProject
Global
	GlobalSection(SolutionConfigurationPlatforms) = preSolution
		Debug|Any CPU = Debug|Any CPU
		Release|Any CPU = Release|Any CPU
	EndGlobalSection
	GlobalSection(ProjectConfigurationPlatforms) = postSolution
		{47FF6086-23B9-4439-9C37-A7FF151E7742}.Debug|Any CPU.ActiveCfg = Debug|Any CPU
		{47FF6086-23B9-4439-9C37-A7FF151E7742}.Debug|Any CPU.Build.0 = Debug|Any CPU
		{47FF6086-23B9-4439-9C37-A7FF151E7742}.Release|Any CPU.ActiveCfg = Release|Any CPU
		{47FF6086-23B9-4439-9C37-A7FF151E7742}.Release|Any CPU.Build.0 = Release|Any CPU
	EndGlobalSection
EndGlobal
